// !$*UTF8*$!
{
	archiveVersion = 1;
	classes = {
	};
	objectVersion = 50;
	objects = {

/* Begin PBXBuildFile section */
		665D4EA52575DBD300C3A03B /* AppDelegate.swift in Sources */ = {isa = PBXBuildFile; fileRef = 665D4EA42575DBD300C3A03B /* AppDelegate.swift */; };
		665D4EA92575DBD300C3A03B /* ProjectDocumentViewController.swift in Sources */ = {isa = PBXBuildFile; fileRef = 665D4EA82575DBD300C3A03B /* ProjectDocumentViewController.swift */; };
		665D4EAB2575DBD300C3A03B /* ProjectDocument.swift in Sources */ = {isa = PBXBuildFile; fileRef = 665D4EAA2575DBD300C3A03B /* ProjectDocument.swift */; };
		665D4EB02575DBD500C3A03B /* Assets.xcassets in Resources */ = {isa = PBXBuildFile; fileRef = 665D4EAF2575DBD500C3A03B /* Assets.xcassets */; };
		665D4EB32575DBD500C3A03B /* LaunchScreen.storyboard in Resources */ = {isa = PBXBuildFile; fileRef = 665D4EB12575DBD500C3A03B /* LaunchScreen.storyboard */; };
		665D4EBE2575DBD500C3A03B /* gbdisuiTests.swift in Sources */ = {isa = PBXBuildFile; fileRef = 665D4EBD2575DBD500C3A03B /* gbdisuiTests.swift */; };
		665D4EC92575DBD500C3A03B /* gbdisuiUITests.swift in Sources */ = {isa = PBXBuildFile; fileRef = 665D4EC82575DBD500C3A03B /* gbdisuiUITests.swift */; };
		665D4EE72575DC7400C3A03B /* SceneDelegate.swift in Sources */ = {isa = PBXBuildFile; fileRef = 665D4EE62575DC7400C3A03B /* SceneDelegate.swift */; };
		665D4EEC2575DC8D00C3A03B /* SidebarViewController.swift in Sources */ = {isa = PBXBuildFile; fileRef = 665D4EEB2575DC8D00C3A03B /* SidebarViewController.swift */; };
		665D4F3C2575E10900C3A03B /* NotificationNames.swift in Sources */ = {isa = PBXBuildFile; fileRef = 665D4F3B2575E10900C3A03B /* NotificationNames.swift */; };
/* End PBXBuildFile section */

/* Begin PBXContainerItemProxy section */
		665D4EBA2575DBD500C3A03B /* PBXContainerItemProxy */ = {
			isa = PBXContainerItemProxy;
			containerPortal = 665D4E992575DBD300C3A03B /* Project object */;
			proxyType = 1;
			remoteGlobalIDString = 665D4EA02575DBD300C3A03B;
			remoteInfo = gbdisui;
		};
		665D4EC52575DBD500C3A03B /* PBXContainerItemProxy */ = {
			isa = PBXContainerItemProxy;
			containerPortal = 665D4E992575DBD300C3A03B /* Project object */;
			proxyType = 1;
			remoteGlobalIDString = 665D4EA02575DBD300C3A03B;
			remoteInfo = gbdisui;
		};
/* End PBXContainerItemProxy section */

/* Begin PBXFileReference section */
		665D4EA12575DBD300C3A03B /* gbdisui.app */ = {isa = PBXFileReference; explicitFileType = wrapper.application; includeInIndex = 0; path = gbdisui.app; sourceTree = BUILT_PRODUCTS_DIR; };
		665D4EA42575DBD300C3A03B /* AppDelegate.swift */ = {isa = PBXFileReference; lastKnownFileType = sourcecode.swift; path = AppDelegate.swift; sourceTree = "<group>"; };
		665D4EA82575DBD300C3A03B /* ProjectDocumentViewController.swift */ = {isa = PBXFileReference; lastKnownFileType = sourcecode.swift; path = ProjectDocumentViewController.swift; sourceTree = "<group>"; };
		665D4EAA2575DBD300C3A03B /* ProjectDocument.swift */ = {isa = PBXFileReference; lastKnownFileType = sourcecode.swift; path = ProjectDocument.swift; sourceTree = "<group>"; };
		665D4EAF2575DBD500C3A03B /* Assets.xcassets */ = {isa = PBXFileReference; lastKnownFileType = folder.assetcatalog; path = Assets.xcassets; sourceTree = "<group>"; };
		665D4EB22575DBD500C3A03B /* Base */ = {isa = PBXFileReference; lastKnownFileType = file.storyboard; name = Base; path = Base.lproj/LaunchScreen.storyboard; sourceTree = "<group>"; };
		665D4EB42575DBD500C3A03B /* Info.plist */ = {isa = PBXFileReference; lastKnownFileType = text.plist.xml; path = Info.plist; sourceTree = "<group>"; };
		665D4EB92575DBD500C3A03B /* gbdisuiTests.xctest */ = {isa = PBXFileReference; explicitFileType = wrapper.cfbundle; includeInIndex = 0; path = gbdisuiTests.xctest; sourceTree = BUILT_PRODUCTS_DIR; };
		665D4EBD2575DBD500C3A03B /* gbdisuiTests.swift */ = {isa = PBXFileReference; lastKnownFileType = sourcecode.swift; path = gbdisuiTests.swift; sourceTree = "<group>"; };
		665D4EBF2575DBD500C3A03B /* Info.plist */ = {isa = PBXFileReference; lastKnownFileType = text.plist.xml; path = Info.plist; sourceTree = "<group>"; };
		665D4EC42575DBD500C3A03B /* gbdisuiUITests.xctest */ = {isa = PBXFileReference; explicitFileType = wrapper.cfbundle; includeInIndex = 0; path = gbdisuiUITests.xctest; sourceTree = BUILT_PRODUCTS_DIR; };
		665D4EC82575DBD500C3A03B /* gbdisuiUITests.swift */ = {isa = PBXFileReference; lastKnownFileType = sourcecode.swift; path = gbdisuiUITests.swift; sourceTree = "<group>"; };
		665D4ECA2575DBD500C3A03B /* Info.plist */ = {isa = PBXFileReference; lastKnownFileType = text.plist.xml; path = Info.plist; sourceTree = "<group>"; };
		665D4ED92575DBDE00C3A03B /* gbdisui.entitlements */ = {isa = PBXFileReference; lastKnownFileType = text.plist.entitlements; path = gbdisui.entitlements; sourceTree = "<group>"; };
		665D4EE62575DC7400C3A03B /* SceneDelegate.swift */ = {isa = PBXFileReference; lastKnownFileType = sourcecode.swift; path = SceneDelegate.swift; sourceTree = "<group>"; };
		665D4EEB2575DC8D00C3A03B /* SidebarViewController.swift */ = {isa = PBXFileReference; lastKnownFileType = sourcecode.swift; path = SidebarViewController.swift; sourceTree = "<group>"; };
		665D4F3B2575E10900C3A03B /* NotificationNames.swift */ = {isa = PBXFileReference; lastKnownFileType = sourcecode.swift; path = NotificationNames.swift; sourceTree = "<group>"; };
/* End PBXFileReference section */

/* Begin PBXFrameworksBuildPhase section */
		665D4E9E2575DBD300C3A03B /* Frameworks */ = {
			isa = PBXFrameworksBuildPhase;
			buildActionMask = 2147483647;
			files = (
			);
			runOnlyForDeploymentPostprocessing = 0;
		};
		665D4EB62575DBD500C3A03B /* Frameworks */ = {
			isa = PBXFrameworksBuildPhase;
			buildActionMask = 2147483647;
			files = (
			);
			runOnlyForDeploymentPostprocessing = 0;
		};
		665D4EC12575DBD500C3A03B /* Frameworks */ = {
			isa = PBXFrameworksBuildPhase;
			buildActionMask = 2147483647;
			files = (
			);
			runOnlyForDeploymentPostprocessing = 0;
		};
/* End PBXFrameworksBuildPhase section */

/* Begin PBXGroup section */
		665D4E982575DBD300C3A03B = {
			isa = PBXGroup;
			children = (
				665D4EA32575DBD300C3A03B /* gbdisui */,
				665D4EBC2575DBD500C3A03B /* gbdisuiTests */,
				665D4EC72575DBD500C3A03B /* gbdisuiUITests */,
				665D4EA22575DBD300C3A03B /* Products */,
			);
			sourceTree = "<group>";
		};
		665D4EA22575DBD300C3A03B /* Products */ = {
			isa = PBXGroup;
			children = (
				665D4EA12575DBD300C3A03B /* gbdisui.app */,
				665D4EB92575DBD500C3A03B /* gbdisuiTests.xctest */,
				665D4EC42575DBD500C3A03B /* gbdisuiUITests.xctest */,
			);
			name = Products;
			sourceTree = "<group>";
		};
		665D4EA32575DBD300C3A03B /* gbdisui */ = {
			isa = PBXGroup;
			children = (
				665D4EAF2575DBD500C3A03B /* Assets.xcassets */,
				665D4EB42575DBD500C3A03B /* Info.plist */,
				665D4ED92575DBDE00C3A03B /* gbdisui.entitlements */,
				665D4EA42575DBD300C3A03B /* AppDelegate.swift */,
				665D4F3B2575E10900C3A03B /* NotificationNames.swift */,
				665D4EA82575DBD300C3A03B /* ProjectDocumentViewController.swift */,
				665D4EAA2575DBD300C3A03B /* ProjectDocument.swift */,
				665D4EB12575DBD500C3A03B /* LaunchScreen.storyboard */,
				665D4EE62575DC7400C3A03B /* SceneDelegate.swift */,
				665D4EEB2575DC8D00C3A03B /* SidebarViewController.swift */,
			);
			path = gbdisui;
			sourceTree = "<group>";
		};
		665D4EBC2575DBD500C3A03B /* gbdisuiTests */ = {
			isa = PBXGroup;
			children = (
				665D4EBD2575DBD500C3A03B /* gbdisuiTests.swift */,
				665D4EBF2575DBD500C3A03B /* Info.plist */,
			);
			path = gbdisuiTests;
			sourceTree = "<group>";
		};
		665D4EC72575DBD500C3A03B /* gbdisuiUITests */ = {
			isa = PBXGroup;
			children = (
				665D4EC82575DBD500C3A03B /* gbdisuiUITests.swift */,
				665D4ECA2575DBD500C3A03B /* Info.plist */,
			);
			path = gbdisuiUITests;
			sourceTree = "<group>";
		};
/* End PBXGroup section */

/* Begin PBXNativeTarget section */
		665D4EA02575DBD300C3A03B /* gbdisui */ = {
			isa = PBXNativeTarget;
			buildConfigurationList = 665D4ECD2575DBD500C3A03B /* Build configuration list for PBXNativeTarget "gbdisui" */;
			buildPhases = (
				665D4E9D2575DBD300C3A03B /* Sources */,
				665D4E9E2575DBD300C3A03B /* Frameworks */,
				665D4E9F2575DBD300C3A03B /* Resources */,
			);
			buildRules = (
			);
			dependencies = (
			);
			name = gbdisui;
			productName = gbdisui;
			productReference = 665D4EA12575DBD300C3A03B /* gbdisui.app */;
			productType = "com.apple.product-type.application";
		};
		665D4EB82575DBD500C3A03B /* gbdisuiTests */ = {
			isa = PBXNativeTarget;
			buildConfigurationList = 665D4ED02575DBD500C3A03B /* Build configuration list for PBXNativeTarget "gbdisuiTests" */;
			buildPhases = (
				665D4EB52575DBD500C3A03B /* Sources */,
				665D4EB62575DBD500C3A03B /* Frameworks */,
				665D4EB72575DBD500C3A03B /* Resources */,
			);
			buildRules = (
			);
			dependencies = (
				665D4EBB2575DBD500C3A03B /* PBXTargetDependency */,
			);
			name = gbdisuiTests;
			productName = gbdisuiTests;
			productReference = 665D4EB92575DBD500C3A03B /* gbdisuiTests.xctest */;
			productType = "com.apple.product-type.bundle.unit-test";
		};
		665D4EC32575DBD500C3A03B /* gbdisuiUITests */ = {
			isa = PBXNativeTarget;
			buildConfigurationList = 665D4ED32575DBD500C3A03B /* Build configuration list for PBXNativeTarget "gbdisuiUITests" */;
			buildPhases = (
				665D4EC02575DBD500C3A03B /* Sources */,
				665D4EC12575DBD500C3A03B /* Frameworks */,
				665D4EC22575DBD500C3A03B /* Resources */,
			);
			buildRules = (
			);
			dependencies = (
				665D4EC62575DBD500C3A03B /* PBXTargetDependency */,
			);
			name = gbdisuiUITests;
			productName = gbdisuiUITests;
			productReference = 665D4EC42575DBD500C3A03B /* gbdisuiUITests.xctest */;
			productType = "com.apple.product-type.bundle.ui-testing";
		};
/* End PBXNativeTarget section */

/* Begin PBXProject section */
		665D4E992575DBD300C3A03B /* Project object */ = {
			isa = PBXProject;
			attributes = {
				LastSwiftUpdateCheck = 1220;
				LastUpgradeCheck = 1220;
				TargetAttributes = {
					665D4EA02575DBD300C3A03B = {
						CreatedOnToolsVersion = 12.2;
					};
					665D4EB82575DBD500C3A03B = {
						CreatedOnToolsVersion = 12.2;
						TestTargetID = 665D4EA02575DBD300C3A03B;
					};
					665D4EC32575DBD500C3A03B = {
						CreatedOnToolsVersion = 12.2;
						TestTargetID = 665D4EA02575DBD300C3A03B;
					};
				};
			};
			buildConfigurationList = 665D4E9C2575DBD300C3A03B /* Build configuration list for PBXProject "gbdisui" */;
			compatibilityVersion = "Xcode 9.3";
			developmentRegion = en;
			hasScannedForEncodings = 0;
			knownRegions = (
				en,
				Base,
			);
			mainGroup = 665D4E982575DBD300C3A03B;
			productRefGroup = 665D4EA22575DBD300C3A03B /* Products */;
			projectDirPath = "";
			projectRoot = "";
			targets = (
				665D4EA02575DBD300C3A03B /* gbdisui */,
				665D4EB82575DBD500C3A03B /* gbdisuiTests */,
				665D4EC32575DBD500C3A03B /* gbdisuiUITests */,
			);
		};
/* End PBXProject section */

/* Begin PBXResourcesBuildPhase section */
		665D4E9F2575DBD300C3A03B /* Resources */ = {
			isa = PBXResourcesBuildPhase;
			buildActionMask = 2147483647;
			files = (
				665D4EB32575DBD500C3A03B /* LaunchScreen.storyboard in Resources */,
				665D4EB02575DBD500C3A03B /* Assets.xcassets in Resources */,
			);
			runOnlyForDeploymentPostprocessing = 0;
		};
		665D4EB72575DBD500C3A03B /* Resources */ = {
			isa = PBXResourcesBuildPhase;
			buildActionMask = 2147483647;
			files = (
			);
			runOnlyForDeploymentPostprocessing = 0;
		};
		665D4EC22575DBD500C3A03B /* Resources */ = {
			isa = PBXResourcesBuildPhase;
			buildActionMask = 2147483647;
			files = (
			);
			runOnlyForDeploymentPostprocessing = 0;
		};
/* End PBXResourcesBuildPhase section */

/* Begin PBXSourcesBuildPhase section */
		665D4E9D2575DBD300C3A03B /* Sources */ = {
			isa = PBXSourcesBuildPhase;
			buildActionMask = 2147483647;
			files = (
				665D4EE72575DC7400C3A03B /* SceneDelegate.swift in Sources */,
				665D4EEC2575DC8D00C3A03B /* SidebarViewController.swift in Sources */,
				665D4EAB2575DBD300C3A03B /* ProjectDocument.swift in Sources */,
				665D4EA92575DBD300C3A03B /* ProjectDocumentViewController.swift in Sources */,
				665D4F3C2575E10900C3A03B /* NotificationNames.swift in Sources */,
				665D4EA52575DBD300C3A03B /* AppDelegate.swift in Sources */,
			);
			runOnlyForDeploymentPostprocessing = 0;
		};
		665D4EB52575DBD500C3A03B /* Sources */ = {
			isa = PBXSourcesBuildPhase;
			buildActionMask = 2147483647;
			files = (
				665D4EBE2575DBD500C3A03B /* gbdisuiTests.swift in Sources */,
			);
			runOnlyForDeploymentPostprocessing = 0;
		};
		665D4EC02575DBD500C3A03B /* Sources */ = {
			isa = PBXSourcesBuildPhase;
			buildActionMask = 2147483647;
			files = (
				665D4EC92575DBD500C3A03B /* gbdisuiUITests.swift in Sources */,
			);
			runOnlyForDeploymentPostprocessing = 0;
		};
/* End PBXSourcesBuildPhase section */

/* Begin PBXTargetDependency section */
		665D4EBB2575DBD500C3A03B /* PBXTargetDependency */ = {
			isa = PBXTargetDependency;
			target = 665D4EA02575DBD300C3A03B /* gbdisui */;
			targetProxy = 665D4EBA2575DBD500C3A03B /* PBXContainerItemProxy */;
		};
		665D4EC62575DBD500C3A03B /* PBXTargetDependency */ = {
			isa = PBXTargetDependency;
			target = 665D4EA02575DBD300C3A03B /* gbdisui */;
			targetProxy = 665D4EC52575DBD500C3A03B /* PBXContainerItemProxy */;
		};
/* End PBXTargetDependency section */

/* Begin PBXVariantGroup section */
		665D4EB12575DBD500C3A03B /* LaunchScreen.storyboard */ = {
			isa = PBXVariantGroup;
			children = (
				665D4EB22575DBD500C3A03B /* Base */,
			);
			name = LaunchScreen.storyboard;
			sourceTree = "<group>";
		};
/* End PBXVariantGroup section */

/* Begin XCBuildConfiguration section */
		665D4ECB2575DBD500C3A03B /* Debug */ = {
			isa = XCBuildConfiguration;
			buildSettings = {
				ALWAYS_SEARCH_USER_PATHS = NO;
				CLANG_ANALYZER_NONNULL = YES;
				CLANG_ANALYZER_NUMBER_OBJECT_CONVERSION = YES_AGGRESSIVE;
				CLANG_CXX_LANGUAGE_STANDARD = "gnu++14";
				CLANG_CXX_LIBRARY = "libc++";
				CLANG_ENABLE_MODULES = YES;
				CLANG_ENABLE_OBJC_ARC = YES;
				CLANG_ENABLE_OBJC_WEAK = YES;
				CLANG_WARN_BLOCK_CAPTURE_AUTORELEASING = YES;
				CLANG_WARN_BOOL_CONVERSION = YES;
				CLANG_WARN_COMMA = YES;
				CLANG_WARN_CONSTANT_CONVERSION = YES;
				CLANG_WARN_DEPRECATED_OBJC_IMPLEMENTATIONS = YES;
				CLANG_WARN_DIRECT_OBJC_ISA_USAGE = YES_ERROR;
				CLANG_WARN_DOCUMENTATION_COMMENTS = YES;
				CLANG_WARN_EMPTY_BODY = YES;
				CLANG_WARN_ENUM_CONVERSION = YES;
				CLANG_WARN_INFINITE_RECURSION = YES;
				CLANG_WARN_INT_CONVERSION = YES;
				CLANG_WARN_NON_LITERAL_NULL_CONVERSION = YES;
				CLANG_WARN_OBJC_IMPLICIT_RETAIN_SELF = YES;
				CLANG_WARN_OBJC_LITERAL_CONVERSION = YES;
				CLANG_WARN_OBJC_ROOT_CLASS = YES_ERROR;
				CLANG_WARN_QUOTED_INCLUDE_IN_FRAMEWORK_HEADER = YES;
				CLANG_WARN_RANGE_LOOP_ANALYSIS = YES;
				CLANG_WARN_STRICT_PROTOTYPES = YES;
				CLANG_WARN_SUSPICIOUS_MOVE = YES;
				CLANG_WARN_UNGUARDED_AVAILABILITY = YES_AGGRESSIVE;
				CLANG_WARN_UNREACHABLE_CODE = YES;
				CLANG_WARN__DUPLICATE_METHOD_MATCH = YES;
				COPY_PHASE_STRIP = NO;
				DEBUG_INFORMATION_FORMAT = dwarf;
				ENABLE_STRICT_OBJC_MSGSEND = YES;
				ENABLE_TESTABILITY = YES;
				GCC_C_LANGUAGE_STANDARD = gnu11;
				GCC_DYNAMIC_NO_PIC = NO;
				GCC_NO_COMMON_BLOCKS = YES;
				GCC_OPTIMIZATION_LEVEL = 0;
				GCC_PREPROCESSOR_DEFINITIONS = (
					"DEBUG=1",
					"$(inherited)",
				);
				GCC_WARN_64_TO_32_BIT_CONVERSION = YES;
				GCC_WARN_ABOUT_RETURN_TYPE = YES_ERROR;
				GCC_WARN_UNDECLARED_SELECTOR = YES;
				GCC_WARN_UNINITIALIZED_AUTOS = YES_AGGRESSIVE;
				GCC_WARN_UNUSED_FUNCTION = YES;
				GCC_WARN_UNUSED_VARIABLE = YES;
				IPHONEOS_DEPLOYMENT_TARGET = 14.2;
				MTL_ENABLE_DEBUG_INFO = INCLUDE_SOURCE;
				MTL_FAST_MATH = YES;
				ONLY_ACTIVE_ARCH = YES;
				SDKROOT = iphoneos;
				SWIFT_ACTIVE_COMPILATION_CONDITIONS = DEBUG;
				SWIFT_OPTIMIZATION_LEVEL = "-Onone";
			};
			name = Debug;
		};
		665D4ECC2575DBD500C3A03B /* Release */ = {
			isa = XCBuildConfiguration;
			buildSettings = {
				ALWAYS_SEARCH_USER_PATHS = NO;
				CLANG_ANALYZER_NONNULL = YES;
				CLANG_ANALYZER_NUMBER_OBJECT_CONVERSION = YES_AGGRESSIVE;
				CLANG_CXX_LANGUAGE_STANDARD = "gnu++14";
				CLANG_CXX_LIBRARY = "libc++";
				CLANG_ENABLE_MODULES = YES;
				CLANG_ENABLE_OBJC_ARC = YES;
				CLANG_ENABLE_OBJC_WEAK = YES;
				CLANG_WARN_BLOCK_CAPTURE_AUTORELEASING = YES;
				CLANG_WARN_BOOL_CONVERSION = YES;
				CLANG_WARN_COMMA = YES;
				CLANG_WARN_CONSTANT_CONVERSION = YES;
				CLANG_WARN_DEPRECATED_OBJC_IMPLEMENTATIONS = YES;
				CLANG_WARN_DIRECT_OBJC_ISA_USAGE = YES_ERROR;
				CLANG_WARN_DOCUMENTATION_COMMENTS = YES;
				CLANG_WARN_EMPTY_BODY = YES;
				CLANG_WARN_ENUM_CONVERSION = YES;
				CLANG_WARN_INFINITE_RECURSION = YES;
				CLANG_WARN_INT_CONVERSION = YES;
				CLANG_WARN_NON_LITERAL_NULL_CONVERSION = YES;
				CLANG_WARN_OBJC_IMPLICIT_RETAIN_SELF = YES;
				CLANG_WARN_OBJC_LITERAL_CONVERSION = YES;
				CLANG_WARN_OBJC_ROOT_CLASS = YES_ERROR;
				CLANG_WARN_QUOTED_INCLUDE_IN_FRAMEWORK_HEADER = YES;
				CLANG_WARN_RANGE_LOOP_ANALYSIS = YES;
				CLANG_WARN_STRICT_PROTOTYPES = YES;
				CLANG_WARN_SUSPICIOUS_MOVE = YES;
				CLANG_WARN_UNGUARDED_AVAILABILITY = YES_AGGRESSIVE;
				CLANG_WARN_UNREACHABLE_CODE = YES;
				CLANG_WARN__DUPLICATE_METHOD_MATCH = YES;
				COPY_PHASE_STRIP = NO;
				DEBUG_INFORMATION_FORMAT = "dwarf-with-dsym";
				ENABLE_NS_ASSERTIONS = NO;
				ENABLE_STRICT_OBJC_MSGSEND = YES;
				GCC_C_LANGUAGE_STANDARD = gnu11;
				GCC_NO_COMMON_BLOCKS = YES;
				GCC_WARN_64_TO_32_BIT_CONVERSION = YES;
				GCC_WARN_ABOUT_RETURN_TYPE = YES_ERROR;
				GCC_WARN_UNDECLARED_SELECTOR = YES;
				GCC_WARN_UNINITIALIZED_AUTOS = YES_AGGRESSIVE;
				GCC_WARN_UNUSED_FUNCTION = YES;
				GCC_WARN_UNUSED_VARIABLE = YES;
				IPHONEOS_DEPLOYMENT_TARGET = 14.2;
				MTL_ENABLE_DEBUG_INFO = NO;
				MTL_FAST_MATH = YES;
				SDKROOT = iphoneos;
				SWIFT_COMPILATION_MODE = wholemodule;
				SWIFT_OPTIMIZATION_LEVEL = "-O";
				VALIDATE_PRODUCT = YES;
			};
			name = Release;
		};
		665D4ECE2575DBD500C3A03B /* Debug */ = {
			isa = XCBuildConfiguration;
			buildSettings = {
				ASSETCATALOG_COMPILER_APPICON_NAME = AppIcon;
				ASSETCATALOG_COMPILER_GLOBAL_ACCENT_COLOR_NAME = AccentColor;
				CODE_SIGN_ENTITLEMENTS = gbdisui/gbdisui.entitlements;
				CODE_SIGN_STYLE = Automatic;
				DEVELOPMENT_TEAM = 69Y7ARDN28;
				INFOPLIST_FILE = gbdisui/Info.plist;
				LD_RUNPATH_SEARCH_PATHS = (
					"$(inherited)",
					"@executable_path/Frameworks",
				);
				PRODUCT_BUNDLE_IDENTIFIER = featherless.gbdisui;
				PRODUCT_NAME = "$(TARGET_NAME)";
				SUPPORTS_MACCATALYST = YES;
				SWIFT_VERSION = 5.0;
				TARGETED_DEVICE_FAMILY = "1,2,6";
			};
			name = Debug;
		};
		665D4ECF2575DBD500C3A03B /* Release */ = {
			isa = XCBuildConfiguration;
			buildSettings = {
				ASSETCATALOG_COMPILER_APPICON_NAME = AppIcon;
				ASSETCATALOG_COMPILER_GLOBAL_ACCENT_COLOR_NAME = AccentColor;
				CODE_SIGN_ENTITLEMENTS = gbdisui/gbdisui.entitlements;
				CODE_SIGN_STYLE = Automatic;
				DEVELOPMENT_TEAM = 69Y7ARDN28;
				INFOPLIST_FILE = gbdisui/Info.plist;
				LD_RUNPATH_SEARCH_PATHS = (
					"$(inherited)",
					"@executable_path/Frameworks",
				);
				PRODUCT_BUNDLE_IDENTIFIER = featherless.gbdisui;
				PRODUCT_NAME = "$(TARGET_NAME)";
				SUPPORTS_MACCATALYST = YES;
				SWIFT_VERSION = 5.0;
				TARGETED_DEVICE_FAMILY = "1,2,6";
			};
			name = Release;
		};
		665D4ED12575DBD500C3A03B /* Debug */ = {
			isa = XCBuildConfiguration;
			buildSettings = {
				ALWAYS_EMBED_SWIFT_STANDARD_LIBRARIES = YES;
				BUNDLE_LOADER = "$(TEST_HOST)";
				CODE_SIGN_STYLE = Automatic;
				DEVELOPMENT_TEAM = 69Y7ARDN28;
				INFOPLIST_FILE = gbdisuiTests/Info.plist;
				IPHONEOS_DEPLOYMENT_TARGET = 14.2;
				LD_RUNPATH_SEARCH_PATHS = (
					"$(inherited)",
					"@executable_path/Frameworks",
					"@loader_path/Frameworks",
				);
				PRODUCT_BUNDLE_IDENTIFIER = featherless.gbdisuiTests;
				PRODUCT_NAME = "$(TARGET_NAME)";
				SWIFT_VERSION = 5.0;
				TARGETED_DEVICE_FAMILY = "1,2";
				TEST_HOST = "$(BUILT_PRODUCTS_DIR)/gbdisui.app/gbdisui";
			};
			name = Debug;
		};
		665D4ED22575DBD500C3A03B /* Release */ = {
			isa = XCBuildConfiguration;
			buildSettings = {
				ALWAYS_EMBED_SWIFT_STANDARD_LIBRARIES = YES;
				BUNDLE_LOADER = "$(TEST_HOST)";
				CODE_SIGN_STYLE = Automatic;
				DEVELOPMENT_TEAM = 69Y7ARDN28;
				INFOPLIST_FILE = gbdisuiTests/Info.plist;
				IPHONEOS_DEPLOYMENT_TARGET = 14.2;
				LD_RUNPATH_SEARCH_PATHS = (
					"$(inherited)",
					"@executable_path/Frameworks",
					"@loader_path/Frameworks",
				);
				PRODUCT_BUNDLE_IDENTIFIER = featherless.gbdisuiTests;
				PRODUCT_NAME = "$(TARGET_NAME)";
				SWIFT_VERSION = 5.0;
				TARGETED_DEVICE_FAMILY = "1,2";
				TEST_HOST = "$(BUILT_PRODUCTS_DIR)/gbdisui.app/gbdisui";
			};
			name = Release;
		};
		665D4ED42575DBD500C3A03B /* Debug */ = {
			isa = XCBuildConfiguration;
			buildSettings = {
				ALWAYS_EMBED_SWIFT_STANDARD_LIBRARIES = YES;
				CODE_SIGN_STYLE = Automatic;
				DEVELOPMENT_TEAM = 69Y7ARDN28;
				INFOPLIST_FILE = gbdisuiUITests/Info.plist;
				LD_RUNPATH_SEARCH_PATHS = (
					"$(inherited)",
					"@executable_path/Frameworks",
					"@loader_path/Frameworks",
				);
				PRODUCT_BUNDLE_IDENTIFIER = featherless.gbdisuiUITests;
				PRODUCT_NAME = "$(TARGET_NAME)";
				SWIFT_VERSION = 5.0;
				TARGETED_DEVICE_FAMILY = "1,2";
				TEST_TARGET_NAME = gbdisui;
			};
			name = Debug;
		};
		665D4ED52575DBD500C3A03B /* Release */ = {
			isa = XCBuildConfiguration;
			buildSettings = {
				ALWAYS_EMBED_SWIFT_STANDARD_LIBRARIES = YES;
				CODE_SIGN_STYLE = Automatic;
				DEVELOPMENT_TEAM = 69Y7ARDN28;
				INFOPLIST_FILE = gbdisuiUITests/Info.plist;
				LD_RUNPATH_SEARCH_PATHS = (
					"$(inherited)",
					"@executable_path/Frameworks",
					"@loader_path/Frameworks",
				);
				PRODUCT_BUNDLE_IDENTIFIER = featherless.gbdisuiUITests;
				PRODUCT_NAME = "$(TARGET_NAME)";
				SWIFT_VERSION = 5.0;
				TARGETED_DEVICE_FAMILY = "1,2";
				TEST_TARGET_NAME = gbdisui;
			};
			name = Release;
		};
/* End XCBuildConfiguration section */

/* Begin XCConfigurationList section */
		665D4E9C2575DBD300C3A03B /* Build configuration list for PBXProject "gbdisui" */ = {
			isa = XCConfigurationList;
			buildConfigurations = (
				665D4ECB2575DBD500C3A03B /* Debug */,
				665D4ECC2575DBD500C3A03B /* Release */,
			);
			defaultConfigurationIsVisible = 0;
			defaultConfigurationName = Release;
		};
		665D4ECD2575DBD500C3A03B /* Build configuration list for PBXNativeTarget "gbdisui" */ = {
			isa = XCConfigurationList;
			buildConfigurations = (
				665D4ECE2575DBD500C3A03B /* Debug */,
				665D4ECF2575DBD500C3A03B /* Release */,
			);
			defaultConfigurationIsVisible = 0;
			defaultConfigurationName = Release;
		};
		665D4ED02575DBD500C3A03B /* Build configuration list for PBXNativeTarget "gbdisuiTests" */ = {
			isa = XCConfigurationList;
			buildConfigurations = (
				665D4ED12575DBD500C3A03B /* Debug */,
				665D4ED22575DBD500C3A03B /* Release */,
			);
			defaultConfigurationIsVisible = 0;
			defaultConfigurationName = Release;
		};
		665D4ED32575DBD500C3A03B /* Build configuration list for PBXNativeTarget "gbdisuiUITests" */ = {
			isa = XCConfigurationList;
			buildConfigurations = (
				665D4ED42575DBD500C3A03B /* Debug */,
				665D4ED52575DBD500C3A03B /* Release */,
			);
			defaultConfigurationIsVisible = 0;
			defaultConfigurationName = Release;
		};
/* End XCConfigurationList section */
	};
	rootObject = 665D4E992575DBD300C3A03B /* Project object */;
}
