// !$*UTF8*$!
{
	archiveVersion = 1;
	classes = {
	};
	objectVersion = 52;
	objects = {

/* Begin PBXBuildFile section */
		665D4E7F2575CA7300C3A03B /* NotificationNames.swift in Sources */ = {isa = PBXBuildFile; fileRef = 665D4E7E2575CA7300C3A03B /* NotificationNames.swift */; };
		66E8BE032574A6F200A5CA5E /* AppDelegate.swift in Sources */ = {isa = PBXBuildFile; fileRef = 66E8BE022574A6F200A5CA5E /* AppDelegate.swift */; };
		66E8BE052574A6F200A5CA5E /* SceneDelegate.swift in Sources */ = {isa = PBXBuildFile; fileRef = 66E8BE042574A6F200A5CA5E /* SceneDelegate.swift */; };
		66E8BE072574A6F200A5CA5E /* SidebarViewController.swift in Sources */ = {isa = PBXBuildFile; fileRef = 66E8BE062574A6F200A5CA5E /* SidebarViewController.swift */; };
		66E8BE0C2574A6F200A5CA5E /* Assets.xcassets in Resources */ = {isa = PBXBuildFile; fileRef = 66E8BE0B2574A6F200A5CA5E /* Assets.xcassets */; };
		66E8BE0F2574A6F200A5CA5E /* LaunchScreen.storyboard in Resources */ = {isa = PBXBuildFile; fileRef = 66E8BE0D2574A6F200A5CA5E /* LaunchScreen.storyboard */; };
		66E8BE1A2574A6F300A5CA5E /* gbdisuiTests.swift in Sources */ = {isa = PBXBuildFile; fileRef = 66E8BE192574A6F300A5CA5E /* gbdisuiTests.swift */; };
		66E8BE252574A6F300A5CA5E /* gbdisuiUITests.swift in Sources */ = {isa = PBXBuildFile; fileRef = 66E8BE242574A6F300A5CA5E /* gbdisuiUITests.swift */; };
		66E8BE402574A72900A5CA5E /* LR35902 in Frameworks */ = {isa = PBXBuildFile; productRef = 66E8BE3F2574A72900A5CA5E /* LR35902 */; };
/* End PBXBuildFile section */

/* Begin PBXContainerItemProxy section */
		66E8BE162574A6F300A5CA5E /* PBXContainerItemProxy */ = {
			isa = PBXContainerItemProxy;
			containerPortal = 66E8BDF72574A6F200A5CA5E /* Project object */;
			proxyType = 1;
			remoteGlobalIDString = 66E8BDFE2574A6F200A5CA5E;
			remoteInfo = gbdisui;
		};
		66E8BE212574A6F300A5CA5E /* PBXContainerItemProxy */ = {
			isa = PBXContainerItemProxy;
			containerPortal = 66E8BDF72574A6F200A5CA5E /* Project object */;
			proxyType = 1;
			remoteGlobalIDString = 66E8BDFE2574A6F200A5CA5E;
			remoteInfo = gbdisui;
		};
/* End PBXContainerItemProxy section */

/* Begin PBXFileReference section */
		665D4E7E2575CA7300C3A03B /* NotificationNames.swift */ = {isa = PBXFileReference; lastKnownFileType = sourcecode.swift; path = NotificationNames.swift; sourceTree = "<group>"; };
		66E8BDFF2574A6F200A5CA5E /* gbdisui.app */ = {isa = PBXFileReference; explicitFileType = wrapper.application; includeInIndex = 0; path = gbdisui.app; sourceTree = BUILT_PRODUCTS_DIR; };
		66E8BE022574A6F200A5CA5E /* AppDelegate.swift */ = {isa = PBXFileReference; lastKnownFileType = sourcecode.swift; path = AppDelegate.swift; sourceTree = "<group>"; };
		66E8BE042574A6F200A5CA5E /* SceneDelegate.swift */ = {isa = PBXFileReference; lastKnownFileType = sourcecode.swift; path = SceneDelegate.swift; sourceTree = "<group>"; };
		66E8BE062574A6F200A5CA5E /* SidebarViewController.swift */ = {isa = PBXFileReference; lastKnownFileType = sourcecode.swift; path = SidebarViewController.swift; sourceTree = "<group>"; };
		66E8BE0B2574A6F200A5CA5E /* Assets.xcassets */ = {isa = PBXFileReference; lastKnownFileType = folder.assetcatalog; path = Assets.xcassets; sourceTree = "<group>"; };
		66E8BE0E2574A6F200A5CA5E /* Base */ = {isa = PBXFileReference; lastKnownFileType = file.storyboard; name = Base; path = Base.lproj/LaunchScreen.storyboard; sourceTree = "<group>"; };
		66E8BE102574A6F200A5CA5E /* Info.plist */ = {isa = PBXFileReference; lastKnownFileType = text.plist.xml; path = Info.plist; sourceTree = "<group>"; };
		66E8BE152574A6F300A5CA5E /* gbdisuiTests.xctest */ = {isa = PBXFileReference; explicitFileType = wrapper.cfbundle; includeInIndex = 0; path = gbdisuiTests.xctest; sourceTree = BUILT_PRODUCTS_DIR; };
		66E8BE192574A6F300A5CA5E /* gbdisuiTests.swift */ = {isa = PBXFileReference; lastKnownFileType = sourcecode.swift; path = gbdisuiTests.swift; sourceTree = "<group>"; };
		66E8BE1B2574A6F300A5CA5E /* Info.plist */ = {isa = PBXFileReference; lastKnownFileType = text.plist.xml; path = Info.plist; sourceTree = "<group>"; };
		66E8BE202574A6F300A5CA5E /* gbdisuiUITests.xctest */ = {isa = PBXFileReference; explicitFileType = wrapper.cfbundle; includeInIndex = 0; path = gbdisuiUITests.xctest; sourceTree = BUILT_PRODUCTS_DIR; };
		66E8BE242574A6F300A5CA5E /* gbdisuiUITests.swift */ = {isa = PBXFileReference; lastKnownFileType = sourcecode.swift; path = gbdisuiUITests.swift; sourceTree = "<group>"; };
		66E8BE262574A6F300A5CA5E /* Info.plist */ = {isa = PBXFileReference; lastKnownFileType = text.plist.xml; path = Info.plist; sourceTree = "<group>"; };
		66E8BE352574A6FA00A5CA5E /* DisassemblerLib */ = {isa = PBXFileReference; lastKnownFileType = folder; name = DisassemblerLib; path = ../../lib/DisassemblerLib; sourceTree = "<group>"; };
		66E8BE442574A73400A5CA5E /* gbdisui.entitlements */ = {isa = PBXFileReference; lastKnownFileType = text.plist.entitlements; path = gbdisui.entitlements; sourceTree = "<group>"; };
/* End PBXFileReference section */

/* Begin PBXFrameworksBuildPhase section */
		66E8BDFC2574A6F200A5CA5E /* Frameworks */ = {
			isa = PBXFrameworksBuildPhase;
			buildActionMask = 2147483647;
			files = (
				66E8BE402574A72900A5CA5E /* LR35902 in Frameworks */,
			);
			runOnlyForDeploymentPostprocessing = 0;
		};
		66E8BE122574A6F300A5CA5E /* Frameworks */ = {
			isa = PBXFrameworksBuildPhase;
			buildActionMask = 2147483647;
			files = (
			);
			runOnlyForDeploymentPostprocessing = 0;
		};
		66E8BE1D2574A6F300A5CA5E /* Frameworks */ = {
			isa = PBXFrameworksBuildPhase;
			buildActionMask = 2147483647;
			files = (
			);
			runOnlyForDeploymentPostprocessing = 0;
		};
/* End PBXFrameworksBuildPhase section */

/* Begin PBXGroup section */
		66E8BDF62574A6F200A5CA5E = {
			isa = PBXGroup;
			children = (
				66E8BE352574A6FA00A5CA5E /* DisassemblerLib */,
				66E8BE012574A6F200A5CA5E /* gbdisui */,
				66E8BE182574A6F300A5CA5E /* gbdisuiTests */,
				66E8BE232574A6F300A5CA5E /* gbdisuiUITests */,
				66E8BE002574A6F200A5CA5E /* Products */,
				66E8BE3E2574A72900A5CA5E /* Frameworks */,
			);
			sourceTree = "<group>";
		};
		66E8BE002574A6F200A5CA5E /* Products */ = {
			isa = PBXGroup;
			children = (
				66E8BDFF2574A6F200A5CA5E /* gbdisui.app */,
				66E8BE152574A6F300A5CA5E /* gbdisuiTests.xctest */,
				66E8BE202574A6F300A5CA5E /* gbdisuiUITests.xctest */,
			);
			name = Products;
			sourceTree = "<group>";
		};
		66E8BE012574A6F200A5CA5E /* gbdisui */ = {
			isa = PBXGroup;
			children = (
				66E8BE442574A73400A5CA5E /* gbdisui.entitlements */,
				66E8BE022574A6F200A5CA5E /* AppDelegate.swift */,
				66E8BE042574A6F200A5CA5E /* SceneDelegate.swift */,
				66E8BE062574A6F200A5CA5E /* SidebarViewController.swift */,
				66E8BE0B2574A6F200A5CA5E /* Assets.xcassets */,
				66E8BE0D2574A6F200A5CA5E /* LaunchScreen.storyboard */,
				66E8BE102574A6F200A5CA5E /* Info.plist */,
				665D4E7E2575CA7300C3A03B /* NotificationNames.swift */,
			);
			path = gbdisui;
			sourceTree = "<group>";
		};
		66E8BE182574A6F300A5CA5E /* gbdisuiTests */ = {
			isa = PBXGroup;
			children = (
				66E8BE192574A6F300A5CA5E /* gbdisuiTests.swift */,
				66E8BE1B2574A6F300A5CA5E /* Info.plist */,
			);
			path = gbdisuiTests;
			sourceTree = "<group>";
		};
		66E8BE232574A6F300A5CA5E /* gbdisuiUITests */ = {
			isa = PBXGroup;
			children = (
				66E8BE242574A6F300A5CA5E /* gbdisuiUITests.swift */,
				66E8BE262574A6F300A5CA5E /* Info.plist */,
			);
			path = gbdisuiUITests;
			sourceTree = "<group>";
		};
		66E8BE3E2574A72900A5CA5E /* Frameworks */ = {
			isa = PBXGroup;
			children = (
			);
			name = Frameworks;
			sourceTree = "<group>";
		};
/* End PBXGroup section */

/* Begin PBXNativeTarget section */
		66E8BDFE2574A6F200A5CA5E /* gbdisui */ = {
			isa = PBXNativeTarget;
			buildConfigurationList = 66E8BE292574A6F300A5CA5E /* Build configuration list for PBXNativeTarget "gbdisui" */;
			buildPhases = (
				66E8BDFB2574A6F200A5CA5E /* Sources */,
				66E8BDFC2574A6F200A5CA5E /* Frameworks */,
				66E8BDFD2574A6F200A5CA5E /* Resources */,
			);
			buildRules = (
			);
			dependencies = (
				66E8BE3A2574A72000A5CA5E /* PBXTargetDependency */,
			);
			name = gbdisui;
			packageProductDependencies = (
				66E8BE3F2574A72900A5CA5E /* LR35902 */,
			);
			productName = gbdisui;
			productReference = 66E8BDFF2574A6F200A5CA5E /* gbdisui.app */;
			productType = "com.apple.product-type.application";
		};
		66E8BE142574A6F300A5CA5E /* gbdisuiTests */ = {
			isa = PBXNativeTarget;
			buildConfigurationList = 66E8BE2C2574A6F300A5CA5E /* Build configuration list for PBXNativeTarget "gbdisuiTests" */;
			buildPhases = (
				66E8BE112574A6F300A5CA5E /* Sources */,
				66E8BE122574A6F300A5CA5E /* Frameworks */,
				66E8BE132574A6F300A5CA5E /* Resources */,
			);
			buildRules = (
			);
			dependencies = (
				66E8BE172574A6F300A5CA5E /* PBXTargetDependency */,
			);
			name = gbdisuiTests;
			productName = gbdisuiTests;
			productReference = 66E8BE152574A6F300A5CA5E /* gbdisuiTests.xctest */;
			productType = "com.apple.product-type.bundle.unit-test";
		};
		66E8BE1F2574A6F300A5CA5E /* gbdisuiUITests */ = {
			isa = PBXNativeTarget;
			buildConfigurationList = 66E8BE2F2574A6F300A5CA5E /* Build configuration list for PBXNativeTarget "gbdisuiUITests" */;
			buildPhases = (
				66E8BE1C2574A6F300A5CA5E /* Sources */,
				66E8BE1D2574A6F300A5CA5E /* Frameworks */,
				66E8BE1E2574A6F300A5CA5E /* Resources */,
			);
			buildRules = (
			);
			dependencies = (
				66E8BE222574A6F300A5CA5E /* PBXTargetDependency */,
			);
			name = gbdisuiUITests;
			productName = gbdisuiUITests;
			productReference = 66E8BE202574A6F300A5CA5E /* gbdisuiUITests.xctest */;
			productType = "com.apple.product-type.bundle.ui-testing";
		};
/* End PBXNativeTarget section */

/* Begin PBXProject section */
		66E8BDF72574A6F200A5CA5E /* Project object */ = {
			isa = PBXProject;
			attributes = {
				LastSwiftUpdateCheck = 1220;
				LastUpgradeCheck = 1220;
				TargetAttributes = {
					66E8BDFE2574A6F200A5CA5E = {
						CreatedOnToolsVersion = 12.2;
					};
					66E8BE142574A6F300A5CA5E = {
						CreatedOnToolsVersion = 12.2;
						TestTargetID = 66E8BDFE2574A6F200A5CA5E;
					};
					66E8BE1F2574A6F300A5CA5E = {
						CreatedOnToolsVersion = 12.2;
						TestTargetID = 66E8BDFE2574A6F200A5CA5E;
					};
				};
			};
			buildConfigurationList = 66E8BDFA2574A6F200A5CA5E /* Build configuration list for PBXProject "gbdisui" */;
			compatibilityVersion = "Xcode 9.3";
			developmentRegion = en;
			hasScannedForEncodings = 0;
			knownRegions = (
				en,
				Base,
			);
			mainGroup = 66E8BDF62574A6F200A5CA5E;
			productRefGroup = 66E8BE002574A6F200A5CA5E /* Products */;
			projectDirPath = "";
			projectRoot = "";
			targets = (
				66E8BDFE2574A6F200A5CA5E /* gbdisui */,
				66E8BE142574A6F300A5CA5E /* gbdisuiTests */,
				66E8BE1F2574A6F300A5CA5E /* gbdisuiUITests */,
			);
		};
/* End PBXProject section */

/* Begin PBXResourcesBuildPhase section */
		66E8BDFD2574A6F200A5CA5E /* Resources */ = {
			isa = PBXResourcesBuildPhase;
			buildActionMask = 2147483647;
			files = (
				66E8BE0F2574A6F200A5CA5E /* LaunchScreen.storyboard in Resources */,
				66E8BE0C2574A6F200A5CA5E /* Assets.xcassets in Resources */,
			);
			runOnlyForDeploymentPostprocessing = 0;
		};
		66E8BE132574A6F300A5CA5E /* Resources */ = {
			isa = PBXResourcesBuildPhase;
			buildActionMask = 2147483647;
			files = (
			);
			runOnlyForDeploymentPostprocessing = 0;
		};
		66E8BE1E2574A6F300A5CA5E /* Resources */ = {
			isa = PBXResourcesBuildPhase;
			buildActionMask = 2147483647;
			files = (
			);
			runOnlyForDeploymentPostprocessing = 0;
		};
/* End PBXResourcesBuildPhase section */

/* Begin PBXSourcesBuildPhase section */
		66E8BDFB2574A6F200A5CA5E /* Sources */ = {
			isa = PBXSourcesBuildPhase;
			buildActionMask = 2147483647;
			files = (
				66E8BE072574A6F200A5CA5E /* SidebarViewController.swift in Sources */,
				665D4E7F2575CA7300C3A03B /* NotificationNames.swift in Sources */,
				66E8BE032574A6F200A5CA5E /* AppDelegate.swift in Sources */,
				66E8BE052574A6F200A5CA5E /* SceneDelegate.swift in Sources */,
			);
			runOnlyForDeploymentPostprocessing = 0;
		};
		66E8BE112574A6F300A5CA5E /* Sources */ = {
			isa = PBXSourcesBuildPhase;
			buildActionMask = 2147483647;
			files = (
				66E8BE1A2574A6F300A5CA5E /* gbdisuiTests.swift in Sources */,
			);
			runOnlyForDeploymentPostprocessing = 0;
		};
		66E8BE1C2574A6F300A5CA5E /* Sources */ = {
			isa = PBXSourcesBuildPhase;
			buildActionMask = 2147483647;
			files = (
				66E8BE252574A6F300A5CA5E /* gbdisuiUITests.swift in Sources */,
			);
			runOnlyForDeploymentPostprocessing = 0;
		};
/* End PBXSourcesBuildPhase section */

/* Begin PBXTargetDependency section */
		66E8BE172574A6F300A5CA5E /* PBXTargetDependency */ = {
			isa = PBXTargetDependency;
			target = 66E8BDFE2574A6F200A5CA5E /* gbdisui */;
			targetProxy = 66E8BE162574A6F300A5CA5E /* PBXContainerItemProxy */;
		};
		66E8BE222574A6F300A5CA5E /* PBXTargetDependency */ = {
			isa = PBXTargetDependency;
			target = 66E8BDFE2574A6F200A5CA5E /* gbdisui */;
			targetProxy = 66E8BE212574A6F300A5CA5E /* PBXContainerItemProxy */;
		};
		66E8BE3A2574A72000A5CA5E /* PBXTargetDependency */ = {
			isa = PBXTargetDependency;
			productRef = 66E8BE392574A72000A5CA5E /* LR35902 */;
		};
/* End PBXTargetDependency section */

/* Begin PBXVariantGroup section */
		66E8BE0D2574A6F200A5CA5E /* LaunchScreen.storyboard */ = {
			isa = PBXVariantGroup;
			children = (
				66E8BE0E2574A6F200A5CA5E /* Base */,
			);
			name = LaunchScreen.storyboard;
			sourceTree = "<group>";
		};
/* End PBXVariantGroup section */

/* Begin XCBuildConfiguration section */
		66E8BE272574A6F300A5CA5E /* Debug */ = {
			isa = XCBuildConfiguration;
			buildSettings = {
				ALWAYS_SEARCH_USER_PATHS = NO;
				CLANG_ANALYZER_NONNULL = YES;
				CLANG_ANALYZER_NUMBER_OBJECT_CONVERSION = YES_AGGRESSIVE;
				CLANG_CXX_LANGUAGE_STANDARD = "gnu++14";
				CLANG_CXX_LIBRARY = "libc++";
				CLANG_ENABLE_MODULES = YES;
				CLANG_ENABLE_OBJC_ARC = YES;
				CLANG_ENABLE_OBJC_WEAK = YES;
				CLANG_WARN_BLOCK_CAPTURE_AUTORELEASING = YES;
				CLANG_WARN_BOOL_CONVERSION = YES;
				CLANG_WARN_COMMA = YES;
				CLANG_WARN_CONSTANT_CONVERSION = YES;
				CLANG_WARN_DEPRECATED_OBJC_IMPLEMENTATIONS = YES;
				CLANG_WARN_DIRECT_OBJC_ISA_USAGE = YES_ERROR;
				CLANG_WARN_DOCUMENTATION_COMMENTS = YES;
				CLANG_WARN_EMPTY_BODY = YES;
				CLANG_WARN_ENUM_CONVERSION = YES;
				CLANG_WARN_INFINITE_RECURSION = YES;
				CLANG_WARN_INT_CONVERSION = YES;
				CLANG_WARN_NON_LITERAL_NULL_CONVERSION = YES;
				CLANG_WARN_OBJC_IMPLICIT_RETAIN_SELF = YES;
				CLANG_WARN_OBJC_LITERAL_CONVERSION = YES;
				CLANG_WARN_OBJC_ROOT_CLASS = YES_ERROR;
				CLANG_WARN_QUOTED_INCLUDE_IN_FRAMEWORK_HEADER = YES;
				CLANG_WARN_RANGE_LOOP_ANALYSIS = YES;
				CLANG_WARN_STRICT_PROTOTYPES = YES;
				CLANG_WARN_SUSPICIOUS_MOVE = YES;
				CLANG_WARN_UNGUARDED_AVAILABILITY = YES_AGGRESSIVE;
				CLANG_WARN_UNREACHABLE_CODE = YES;
				CLANG_WARN__DUPLICATE_METHOD_MATCH = YES;
				COPY_PHASE_STRIP = NO;
				DEBUG_INFORMATION_FORMAT = dwarf;
				ENABLE_STRICT_OBJC_MSGSEND = YES;
				ENABLE_TESTABILITY = YES;
				GCC_C_LANGUAGE_STANDARD = gnu11;
				GCC_DYNAMIC_NO_PIC = NO;
				GCC_NO_COMMON_BLOCKS = YES;
				GCC_OPTIMIZATION_LEVEL = 0;
				GCC_PREPROCESSOR_DEFINITIONS = (
					"DEBUG=1",
					"$(inherited)",
				);
				GCC_WARN_64_TO_32_BIT_CONVERSION = YES;
				GCC_WARN_ABOUT_RETURN_TYPE = YES_ERROR;
				GCC_WARN_UNDECLARED_SELECTOR = YES;
				GCC_WARN_UNINITIALIZED_AUTOS = YES_AGGRESSIVE;
				GCC_WARN_UNUSED_FUNCTION = YES;
				GCC_WARN_UNUSED_VARIABLE = YES;
				IPHONEOS_DEPLOYMENT_TARGET = 14;
				MTL_ENABLE_DEBUG_INFO = INCLUDE_SOURCE;
				MTL_FAST_MATH = YES;
				ONLY_ACTIVE_ARCH = YES;
				SDKROOT = iphoneos;
				SWIFT_ACTIVE_COMPILATION_CONDITIONS = DEBUG;
				SWIFT_OPTIMIZATION_LEVEL = "-Onone";
			};
			name = Debug;
		};
		66E8BE282574A6F300A5CA5E /* Release */ = {
			isa = XCBuildConfiguration;
			buildSettings = {
				ALWAYS_SEARCH_USER_PATHS = NO;
				CLANG_ANALYZER_NONNULL = YES;
				CLANG_ANALYZER_NUMBER_OBJECT_CONVERSION = YES_AGGRESSIVE;
				CLANG_CXX_LANGUAGE_STANDARD = "gnu++14";
				CLANG_CXX_LIBRARY = "libc++";
				CLANG_ENABLE_MODULES = YES;
				CLANG_ENABLE_OBJC_ARC = YES;
				CLANG_ENABLE_OBJC_WEAK = YES;
				CLANG_WARN_BLOCK_CAPTURE_AUTORELEASING = YES;
				CLANG_WARN_BOOL_CONVERSION = YES;
				CLANG_WARN_COMMA = YES;
				CLANG_WARN_CONSTANT_CONVERSION = YES;
				CLANG_WARN_DEPRECATED_OBJC_IMPLEMENTATIONS = YES;
				CLANG_WARN_DIRECT_OBJC_ISA_USAGE = YES_ERROR;
				CLANG_WARN_DOCUMENTATION_COMMENTS = YES;
				CLANG_WARN_EMPTY_BODY = YES;
				CLANG_WARN_ENUM_CONVERSION = YES;
				CLANG_WARN_INFINITE_RECURSION = YES;
				CLANG_WARN_INT_CONVERSION = YES;
				CLANG_WARN_NON_LITERAL_NULL_CONVERSION = YES;
				CLANG_WARN_OBJC_IMPLICIT_RETAIN_SELF = YES;
				CLANG_WARN_OBJC_LITERAL_CONVERSION = YES;
				CLANG_WARN_OBJC_ROOT_CLASS = YES_ERROR;
				CLANG_WARN_QUOTED_INCLUDE_IN_FRAMEWORK_HEADER = YES;
				CLANG_WARN_RANGE_LOOP_ANALYSIS = YES;
				CLANG_WARN_STRICT_PROTOTYPES = YES;
				CLANG_WARN_SUSPICIOUS_MOVE = YES;
				CLANG_WARN_UNGUARDED_AVAILABILITY = YES_AGGRESSIVE;
				CLANG_WARN_UNREACHABLE_CODE = YES;
				CLANG_WARN__DUPLICATE_METHOD_MATCH = YES;
				COPY_PHASE_STRIP = NO;
				DEBUG_INFORMATION_FORMAT = "dwarf-with-dsym";
				ENABLE_NS_ASSERTIONS = NO;
				ENABLE_STRICT_OBJC_MSGSEND = YES;
				GCC_C_LANGUAGE_STANDARD = gnu11;
				GCC_NO_COMMON_BLOCKS = YES;
				GCC_WARN_64_TO_32_BIT_CONVERSION = YES;
				GCC_WARN_ABOUT_RETURN_TYPE = YES_ERROR;
				GCC_WARN_UNDECLARED_SELECTOR = YES;
				GCC_WARN_UNINITIALIZED_AUTOS = YES_AGGRESSIVE;
				GCC_WARN_UNUSED_FUNCTION = YES;
				GCC_WARN_UNUSED_VARIABLE = YES;
				IPHONEOS_DEPLOYMENT_TARGET = 14;
				MTL_ENABLE_DEBUG_INFO = NO;
				MTL_FAST_MATH = YES;
				SDKROOT = iphoneos;
				SWIFT_COMPILATION_MODE = wholemodule;
				SWIFT_OPTIMIZATION_LEVEL = "-O";
				VALIDATE_PRODUCT = YES;
			};
			name = Release;
		};
		66E8BE2A2574A6F300A5CA5E /* Debug */ = {
			isa = XCBuildConfiguration;
			buildSettings = {
				ASSETCATALOG_COMPILER_APPICON_NAME = AppIcon;
				ASSETCATALOG_COMPILER_GLOBAL_ACCENT_COLOR_NAME = AccentColor;
				CODE_SIGN_ENTITLEMENTS = gbdisui/gbdisui.entitlements;
				CODE_SIGN_STYLE = Automatic;
				DEVELOPMENT_TEAM = 69Y7ARDN28;
				INFOPLIST_FILE = gbdisui/Info.plist;
				LD_RUNPATH_SEARCH_PATHS = (
					"$(inherited)",
					"@executable_path/Frameworks",
				);
				MACOSX_DEPLOYMENT_TARGET = 10.15;
				PRODUCT_BUNDLE_IDENTIFIER = featherless.gbdisui;
				PRODUCT_NAME = "$(TARGET_NAME)";
				SUPPORTS_MACCATALYST = YES;
				SWIFT_VERSION = 5.0;
				TARGETED_DEVICE_FAMILY = "1,2,6";
			};
			name = Debug;
		};
		66E8BE2B2574A6F300A5CA5E /* Release */ = {
			isa = XCBuildConfiguration;
			buildSettings = {
				ASSETCATALOG_COMPILER_APPICON_NAME = AppIcon;
				ASSETCATALOG_COMPILER_GLOBAL_ACCENT_COLOR_NAME = AccentColor;
				CODE_SIGN_ENTITLEMENTS = gbdisui/gbdisui.entitlements;
				CODE_SIGN_STYLE = Automatic;
				DEVELOPMENT_TEAM = 69Y7ARDN28;
				INFOPLIST_FILE = gbdisui/Info.plist;
				LD_RUNPATH_SEARCH_PATHS = (
					"$(inherited)",
					"@executable_path/Frameworks",
				);
				MACOSX_DEPLOYMENT_TARGET = 10.15;
				PRODUCT_BUNDLE_IDENTIFIER = featherless.gbdisui;
				PRODUCT_NAME = "$(TARGET_NAME)";
				SUPPORTS_MACCATALYST = YES;
				SWIFT_VERSION = 5.0;
				TARGETED_DEVICE_FAMILY = "1,2,6";
			};
			name = Release;
		};
		66E8BE2D2574A6F300A5CA5E /* Debug */ = {
			isa = XCBuildConfiguration;
			buildSettings = {
				ALWAYS_EMBED_SWIFT_STANDARD_LIBRARIES = YES;
				BUNDLE_LOADER = "$(TEST_HOST)";
				CODE_SIGN_STYLE = Automatic;
				DEVELOPMENT_TEAM = 69Y7ARDN28;
				INFOPLIST_FILE = gbdisuiTests/Info.plist;
				IPHONEOS_DEPLOYMENT_TARGET = 14.2;
				LD_RUNPATH_SEARCH_PATHS = (
					"$(inherited)",
					"@executable_path/Frameworks",
					"@loader_path/Frameworks",
				);
				PRODUCT_BUNDLE_IDENTIFIER = featherless.gbdisuiTests;
				PRODUCT_NAME = "$(TARGET_NAME)";
				SWIFT_VERSION = 5.0;
				TARGETED_DEVICE_FAMILY = "1,2";
				TEST_HOST = "$(BUILT_PRODUCTS_DIR)/gbdisui.app/gbdisui";
			};
			name = Debug;
		};
		66E8BE2E2574A6F300A5CA5E /* Release */ = {
			isa = XCBuildConfiguration;
			buildSettings = {
				ALWAYS_EMBED_SWIFT_STANDARD_LIBRARIES = YES;
				BUNDLE_LOADER = "$(TEST_HOST)";
				CODE_SIGN_STYLE = Automatic;
				DEVELOPMENT_TEAM = 69Y7ARDN28;
				INFOPLIST_FILE = gbdisuiTests/Info.plist;
				IPHONEOS_DEPLOYMENT_TARGET = 14.2;
				LD_RUNPATH_SEARCH_PATHS = (
					"$(inherited)",
					"@executable_path/Frameworks",
					"@loader_path/Frameworks",
				);
				PRODUCT_BUNDLE_IDENTIFIER = featherless.gbdisuiTests;
				PRODUCT_NAME = "$(TARGET_NAME)";
				SWIFT_VERSION = 5.0;
				TARGETED_DEVICE_FAMILY = "1,2";
				TEST_HOST = "$(BUILT_PRODUCTS_DIR)/gbdisui.app/gbdisui";
			};
			name = Release;
		};
		66E8BE302574A6F300A5CA5E /* Debug */ = {
			isa = XCBuildConfiguration;
			buildSettings = {
				ALWAYS_EMBED_SWIFT_STANDARD_LIBRARIES = YES;
				CODE_SIGN_STYLE = Automatic;
				DEVELOPMENT_TEAM = 69Y7ARDN28;
				INFOPLIST_FILE = gbdisuiUITests/Info.plist;
				LD_RUNPATH_SEARCH_PATHS = (
					"$(inherited)",
					"@executable_path/Frameworks",
					"@loader_path/Frameworks",
				);
				PRODUCT_BUNDLE_IDENTIFIER = featherless.gbdisuiUITests;
				PRODUCT_NAME = "$(TARGET_NAME)";
				SWIFT_VERSION = 5.0;
				TARGETED_DEVICE_FAMILY = "1,2";
				TEST_TARGET_NAME = gbdisui;
			};
			name = Debug;
		};
		66E8BE312574A6F300A5CA5E /* Release */ = {
			isa = XCBuildConfiguration;
			buildSettings = {
				ALWAYS_EMBED_SWIFT_STANDARD_LIBRARIES = YES;
				CODE_SIGN_STYLE = Automatic;
				DEVELOPMENT_TEAM = 69Y7ARDN28;
				INFOPLIST_FILE = gbdisuiUITests/Info.plist;
				LD_RUNPATH_SEARCH_PATHS = (
					"$(inherited)",
					"@executable_path/Frameworks",
					"@loader_path/Frameworks",
				);
				PRODUCT_BUNDLE_IDENTIFIER = featherless.gbdisuiUITests;
				PRODUCT_NAME = "$(TARGET_NAME)";
				SWIFT_VERSION = 5.0;
				TARGETED_DEVICE_FAMILY = "1,2";
				TEST_TARGET_NAME = gbdisui;
			};
			name = Release;
		};
/* End XCBuildConfiguration section */

/* Begin XCConfigurationList section */
		66E8BDFA2574A6F200A5CA5E /* Build configuration list for PBXProject "gbdisui" */ = {
			isa = XCConfigurationList;
			buildConfigurations = (
				66E8BE272574A6F300A5CA5E /* Debug */,
				66E8BE282574A6F300A5CA5E /* Release */,
			);
			defaultConfigurationIsVisible = 0;
			defaultConfigurationName = Release;
		};
		66E8BE292574A6F300A5CA5E /* Build configuration list for PBXNativeTarget "gbdisui" */ = {
			isa = XCConfigurationList;
			buildConfigurations = (
				66E8BE2A2574A6F300A5CA5E /* Debug */,
				66E8BE2B2574A6F300A5CA5E /* Release */,
			);
			defaultConfigurationIsVisible = 0;
			defaultConfigurationName = Release;
		};
		66E8BE2C2574A6F300A5CA5E /* Build configuration list for PBXNativeTarget "gbdisuiTests" */ = {
			isa = XCConfigurationList;
			buildConfigurations = (
				66E8BE2D2574A6F300A5CA5E /* Debug */,
				66E8BE2E2574A6F300A5CA5E /* Release */,
			);
			defaultConfigurationIsVisible = 0;
			defaultConfigurationName = Release;
		};
		66E8BE2F2574A6F300A5CA5E /* Build configuration list for PBXNativeTarget "gbdisuiUITests" */ = {
			isa = XCConfigurationList;
			buildConfigurations = (
				66E8BE302574A6F300A5CA5E /* Debug */,
				66E8BE312574A6F300A5CA5E /* Release */,
			);
			defaultConfigurationIsVisible = 0;
			defaultConfigurationName = Release;
		};
/* End XCConfigurationList section */

/* Begin XCSwiftPackageProductDependency section */
		66E8BE392574A72000A5CA5E /* LR35902 */ = {
			isa = XCSwiftPackageProductDependency;
			productName = LR35902;
		};
		66E8BE3F2574A72900A5CA5E /* LR35902 */ = {
			isa = XCSwiftPackageProductDependency;
			productName = LR35902;
		};
/* End XCSwiftPackageProductDependency section */
	};
	rootObject = 66E8BDF72574A6F200A5CA5E /* Project object */;
}
